
Microsoft Visual Studio Solution File, Format Version 12.00
# Visual Studio Version 17
VisualStudioVersion = 17.0.31903.59
MinimumVisualStudioVersion = 10.0.40219.1
Project("{FAE04EC0-301F-11D3-BF4B-00C04F79EFBC}") = "SokobanConsole", "SokobanConsole\SokobanConsole.csproj", "{5B642641-797D-4D7B-A128-64E87F3B6DAF}"
EndProject
Global
	GlobalSection(SolutionConfigurationPlatforms) = preSolution
		Debug|Any CPU = Debug|Any CPU
		Release|Any CPU = Release|Any CPU
	EndGlobalSection
	GlobalSection(ProjectConfigurationPlatforms) = postSolution
		{5B642641-797D-4D7B-A128-64E87F3B6DAF}.Debug|Any CPU.ActiveCfg = Debug|Any CPU
		{5B642641-797D-4D7B-A128-64E87F3B6DAF}.Debug|Any CPU.Build.0 = Debug|Any CPU
		{5B642641-797D-4D7B-A128-64E87F3B6DAF}.Release|Any CPU.ActiveCfg = Release|Any CPU
		{5B642641-797D-4D7B-A128-64E87F3B6DAF}.Release|Any CPU.Build.0 = Release|Any CPU
	EndGlobalSection
	GlobalSection(SolutionProperties) = preSolution
		HideSolutionNode = FALSE
	EndGlobalSection
	GlobalSection(ExtensibilityGlobals) = postSolution
		SolutionGuid = {E911E72D-707D-4015-95FA-3CF78B463087}
	EndGlobalSection
EndGlobal
